
Microsoft Visual Studio Solution File, Format Version 12.00
# Visual Studio Version 17
VisualStudioVersion = 17.7.34221.43
MinimumVisualStudioVersion = 10.0.40219.1
Project("{FAE04EC0-301F-11D3-BF4B-00C04F79EFBC}") = "SyncfusionDocumentation-WASMVersion", "SyncfusionDocumentation-WASMVersion\SyncfusionDocumentation-WASMVersion.csproj", "{347A1CC8-E6E1-4A4B-8993-6F0A886F021C}"
EndProject
Global
	GlobalSection(SolutionConfigurationPlatforms) = preSolution
		Debug|Any CPU = Debug|Any CPU
		Release|Any CPU = Release|Any CPU
	EndGlobalSection
	GlobalSection(ProjectConfigurationPlatforms) = postSolution
		{347A1CC8-E6E1-4A4B-8993-6F0A886F021C}.Debug|Any CPU.ActiveCfg = Debug|Any CPU
		{347A1CC8-E6E1-4A4B-8993-6F0A886F021C}.Debug|Any CPU.Build.0 = Debug|Any CPU
		{347A1CC8-E6E1-4A4B-8993-6F0A886F021C}.Release|Any CPU.ActiveCfg = Release|Any CPU
		{347A1CC8-E6E1-4A4B-8993-6F0A886F021C}.Release|Any CPU.Build.0 = Release|Any CPU
	EndGlobalSection
	GlobalSection(SolutionProperties) = preSolution
		HideSolutionNode = FALSE
	EndGlobalSection
	GlobalSection(ExtensibilityGlobals) = postSolution
		SolutionGuid = {2D4F4FC3-6D77-4EC6-BA2A-A8E60AB2648E}
	EndGlobalSection
EndGlobal
